{
  "requires": true,
  "lockfileVersion": 1,
  "dependencies": {
    "jose": {
      "version": "4.4.0",
      "resolved": "https://registry.npmjs.org/jose/-/jose-4.4.0.tgz",
      "integrity": "sha512-3CsqCQWuEUPpNlSLRcLRC8eO/ATFe1tLJMZCtjx2+ma1gkjGQ62HF50oWs3cwtWjLCpM8bdMPpQbxpgc3fhxrQ=="
    }
  }
}
